
Microsoft Visual Studio Solution File, Format Version 12.00
# Visual Studio Version 16
VisualStudioVersion = 16.0.29709.97
MinimumVisualStudioVersion = 10.0.40219.1
Project("{9A19103F-16F7-4668-BE54-9A1E7A4F7556}") = "ShopListIdentity", "ShopListIdentity.csproj", "{D810EC7C-EA34-479E-BA74-3FF603863B8C}"
EndProject
Global
	GlobalSection(SolutionConfigurationPlatforms) = preSolution
		Debug|Any CPU = Debug|Any CPU
		Release|Any CPU = Release|Any CPU
	EndGlobalSection
	GlobalSection(ProjectConfigurationPlatforms) = postSolution
		{D810EC7C-EA34-479E-BA74-3FF603863B8C}.Debug|Any CPU.ActiveCfg = Debug|Any CPU
		{D810EC7C-EA34-479E-BA74-3FF603863B8C}.Debug|Any CPU.Build.0 = Debug|Any CPU
		{D810EC7C-EA34-479E-BA74-3FF603863B8C}.Release|Any CPU.ActiveCfg = Release|Any CPU
		{D810EC7C-EA34-479E-BA74-3FF603863B8C}.Release|Any CPU.Build.0 = Release|Any CPU
	EndGlobalSection
	GlobalSection(SolutionProperties) = preSolution
		HideSolutionNode = FALSE
	EndGlobalSection
	GlobalSection(ExtensibilityGlobals) = postSolution
		SolutionGuid = {6267D62D-C5F2-464B-A50E-F92F43EF32CE}
	EndGlobalSection
EndGlobal
